
Microsoft Visual Studio Solution File, Format Version 12.00
# Visual Studio Version 17
VisualStudioVersion = 17.5.33516.290
MinimumVisualStudioVersion = 10.0.40219.1
Project("{FAE04EC0-301F-11D3-BF4B-00C04F79EFBC}") = "TeamStatistics", "TeamStatistics\TeamStatistics.csproj", "{0B02C009-E7A9-4249-BD0B-1F638B55B96D}"
EndProject
Project("{9A19103F-16F7-4668-BE54-9A1E7A4F7556}") = "TeamStatistics.Tests", "TeamStatistics.Tests\TeamStatistics.Tests.csproj", "{1E213875-E7F7-49F5-8652-336846ABAE2C}"
EndProject
Global
	GlobalSection(SolutionConfigurationPlatforms) = preSolution
		Debug|Any CPU = Debug|Any CPU
		Release|Any CPU = Release|Any CPU
	EndGlobalSection
	GlobalSection(ProjectConfigurationPlatforms) = postSolution
		{0B02C009-E7A9-4249-BD0B-1F638B55B96D}.Debug|Any CPU.ActiveCfg = Debug|Any CPU
		{0B02C009-E7A9-4249-BD0B-1F638B55B96D}.Debug|Any CPU.Build.0 = Debug|Any CPU
		{0B02C009-E7A9-4249-BD0B-1F638B55B96D}.Release|Any CPU.ActiveCfg = Release|Any CPU
		{0B02C009-E7A9-4249-BD0B-1F638B55B96D}.Release|Any CPU.Build.0 = Release|Any CPU
		{1E213875-E7F7-49F5-8652-336846ABAE2C}.Debug|Any CPU.ActiveCfg = Debug|Any CPU
		{1E213875-E7F7-49F5-8652-336846ABAE2C}.Debug|Any CPU.Build.0 = Debug|Any CPU
		{1E213875-E7F7-49F5-8652-336846ABAE2C}.Release|Any CPU.ActiveCfg = Release|Any CPU
		{1E213875-E7F7-49F5-8652-336846ABAE2C}.Release|Any CPU.Build.0 = Release|Any CPU
	EndGlobalSection
	GlobalSection(SolutionProperties) = preSolution
		HideSolutionNode = FALSE
	EndGlobalSection
	GlobalSection(ExtensibilityGlobals) = postSolution
		SolutionGuid = {61A7A0B7-8041-418F-9646-0BD2577DEA56}
	EndGlobalSection
EndGlobal
